
Microsoft Visual Studio Solution File, Format Version 12.00
# Visual Studio Version 16
VisualStudioVersion = 16.0.30523.141
MinimumVisualStudioVersion = 10.0.40219.1
Project("{FAE04EC0-301F-11D3-BF4B-00C04F79EFBC}") = "Lesson2", "Lesson2.csproj", "{82DC6EC7-4C2D-4925-AD17-D7F61BF3B6A2}"
EndProject
Global
	GlobalSection(SolutionConfigurationPlatforms) = preSolution
		Debug|Any CPU = Debug|Any CPU
		Release|Any CPU = Release|Any CPU
	EndGlobalSection
	GlobalSection(ProjectConfigurationPlatforms) = postSolution
		{82DC6EC7-4C2D-4925-AD17-D7F61BF3B6A2}.Debug|Any CPU.ActiveCfg = Debug|Any CPU
		{82DC6EC7-4C2D-4925-AD17-D7F61BF3B6A2}.Debug|Any CPU.Build.0 = Debug|Any CPU
		{82DC6EC7-4C2D-4925-AD17-D7F61BF3B6A2}.Release|Any CPU.ActiveCfg = Release|Any CPU
		{82DC6EC7-4C2D-4925-AD17-D7F61BF3B6A2}.Release|Any CPU.Build.0 = Release|Any CPU
	EndGlobalSection
	GlobalSection(SolutionProperties) = preSolution
		HideSolutionNode = FALSE
	EndGlobalSection
	GlobalSection(ExtensibilityGlobals) = postSolution
		SolutionGuid = {11C2E330-8421-4000-9495-DF07DA53FB74}
	EndGlobalSection
EndGlobal
