
Microsoft Visual Studio Solution File, Format Version 11.00
# Visual Studio 2010
Project("{FAE04EC0-301F-11D3-BF4B-00C04F79EFBC}") = "lab4", "lab4\lab4.csproj", "{351B0D0C-446E-47F0-A08E-6099C65F5007}"
EndProject
Global
	GlobalSection(SolutionConfigurationPlatforms) = preSolution
		Debug|x86 = Debug|x86
		Release|x86 = Release|x86
	EndGlobalSection
	GlobalSection(ProjectConfigurationPlatforms) = postSolution
		{351B0D0C-446E-47F0-A08E-6099C65F5007}.Debug|x86.ActiveCfg = Debug|x86
		{351B0D0C-446E-47F0-A08E-6099C65F5007}.Debug|x86.Build.0 = Debug|x86
		{351B0D0C-446E-47F0-A08E-6099C65F5007}.Release|x86.ActiveCfg = Release|x86
		{351B0D0C-446E-47F0-A08E-6099C65F5007}.Release|x86.Build.0 = Release|x86
	EndGlobalSection
	GlobalSection(SolutionProperties) = preSolution
		HideSolutionNode = FALSE
	EndGlobalSection
EndGlobal
